# @generated - this file is auto-generated by `mise lock` https://mise.en.dev/dev-tools/mise-lock.html

lockfile_version = 1

[[tools.bun]]
version = "1.4.2"
backend = "core:bun"
specifiers = ["1.4.2"]

[tools.bun."platforms.linux-arm64"]
checksum = "sha256:54328bbc2d9c8e0c9f892c544d66c57a83b84139e34909e5ee81758f1ac8fda7"
url = "https://github.com/oven-sh/bun/releases/download/bun-v1.4.2/bun-linux-aarch64.zip"

[tools.bun."platforms.linux-arm64-musl"]
checksum = "sha256:71760b6c8ea30623b81a4907cb815d48e2ea266f2e73e751534a44a0607950df"
url = "https://github.com/oven-sh/bun/releases/download/bun-v1.4.2/bun-linux-aarch64-musl.zip"

[tools.bun."platforms.linux-x64"]
checksum = "sha256:36368faef7527875d5ffa52e53cd48021741f2a83eb6208a8dd64068d422a913"
url = "https://github.com/oven-sh/bun/releases/download/bun-v1.4.2/bun-linux-x64.zip"

[tools.bun."platforms.linux-x64-baseline"]
checksum = "sha256:c678040f14fe0440eb839d37cbd0ce4c051a32da72806ac97de6a6aab6bf728f"
url = "https://github.com/oven-sh/bun/releases/download/bun-v1.4.2/bun-linux-x64-baseline.zip"

[tools.bun."platforms.linux-x64-musl"]
checksum = "sha256:4835eca59d6da70f4674f5642f6e459dcadab773695b2ed9922d131057989742"
url = "https://github.com/oven-sh/bun/releases/download/bun-v1.4.2/bun-linux-x64-musl.zip"

[tools.bun."platforms.linux-x64-musl-baseline"]
checksum = "sha256:76e1db84e98f22f78de0a87e309bfbbf297732847f9720db36750646c85c8c18"
url = "https://github.com/oven-sh/bun/releases/download/bun-v1.4.2/bun-linux-x64-musl-baseline.zip"

[tools.bun."platforms.macos-arm64"]
checksum = "sha256:90987a3a16d7db556d886ac3d551e7b6d3edf0a1cf43acaed622e8676be1d12f"
url = "https://github.com/oven-sh/bun/releases/download/bun-v1.4.2/bun-darwin-aarch64.zip"

[tools.bun."platforms.macos-x64"]
checksum = "sha256:80520d7e17526308c9185d261679ac6d27798d3803a0e9f7ff9121ab8affb012"
url = "https://github.com/oven-sh/bun/releases/download/bun-v1.4.2/bun-darwin-x64.zip"

[tools.bun."platforms.macos-x64-baseline"]
checksum = "sha256:bad5bbd6cf14d0980d115f5954c9ff904df619d5e994d2da1ffccd3f316300b0"
url = "https://github.com/oven-sh/bun/releases/download/bun-v1.4.2/bun-darwin-x64-baseline.zip"

[tools.bun."platforms.windows-x64"]
checksum = "sha256:ce4c17497b2f29712a99d3d53f028de28cd42e3bacb8589599e7f000e49b6405"
url = "https://github.com/oven-sh/bun/releases/download/bun-v1.4.2/bun-windows-x64.zip"

[tools.bun."platforms.windows-x64-baseline"]
checksum = "sha256:78c221c2376f79731ccf4e4af0b3bb46d81fefa3296c5abee09ad8a1b21e68c6"
url = "https://github.com/oven-sh/bun/releases/download/bun-v1.4.2/bun-windows-x64-baseline.zip"

[[tools."github:gastownhall/beads"]]
version = "1.1.0"
backend = "github:gastownhall/beads"
specifiers = ["1.1.0"]

[tools."github:gastownhall/beads"."platforms.linux-arm64"]
checksum = "sha256:e64eb6f5f998c9eae3ef9ec786f5f1c907ab3ed04fe220ebf265ca9952e21b2f"
url = "https://github.com/gastownhall/beads/releases/download/v1.1.0/beads_1.1.0_linux_arm64.tar.gz"
url_api = "https://api.github.com/repos/gastownhall/beads/releases/assets/466110939"
provenance = "github-attestations"

[tools."github:gastownhall/beads"."platforms.linux-arm64-musl"]
checksum = "sha256:e64eb6f5f998c9eae3ef9ec786f5f1c907ab3ed04fe220ebf265ca9952e21b2f"
url = "https://github.com/gastownhall/beads/releases/download/v1.1.0/beads_1.1.0_linux_arm64.tar.gz"
url_api = "https://api.github.com/repos/gastownhall/beads/releases/assets/466110939"
provenance = "github-attestations"

[tools."github:gastownhall/beads"."platforms.linux-x64"]
checksum = "sha256:b0f3dd607c3fb989ee08d0a6854fba80d0402971eb108f9af6170bc14d491a34"
url = "https://github.com/gastownhall/beads/releases/download/v1.1.0/beads_1.1.0_linux_amd64.tar.gz"
url_api = "https://api.github.com/repos/gastownhall/beads/releases/assets/466110983"
provenance = "github-attestations"
provenance_verified = true

[tools."github:gastownhall/beads"."platforms.linux-x64-baseline"]
checksum = "sha256:b0f3dd607c3fb989ee08d0a6854fba80d0402971eb108f9af6170bc14d491a34"
url = "https://github.com/gastownhall/beads/releases/download/v1.1.0/beads_1.1.0_linux_amd64.tar.gz"
url_api = "https://api.github.com/repos/gastownhall/beads/releases/assets/466110983"
provenance = "github-attestations"

[tools."github:gastownhall/beads"."platforms.linux-x64-musl"]
checksum = "sha256:b0f3dd607c3fb989ee08d0a6854fba80d0402971eb108f9af6170bc14d491a34"
url = "https://github.com/gastownhall/beads/releases/download/v1.1.0/beads_1.1.0_linux_amd64.tar.gz"
url_api = "https://api.github.com/repos/gastownhall/beads/releases/assets/466110983"
provenance = "github-attestations"

[tools."github:gastownhall/beads"."platforms.linux-x64-musl-baseline"]
checksum = "sha256:b0f3dd607c3fb989ee08d0a6854fba80d0402971eb108f9af6170bc14d491a34"
url = "https://github.com/gastownhall/beads/releases/download/v1.1.0/beads_1.1.0_linux_amd64.tar.gz"
url_api = "https://api.github.com/repos/gastownhall/beads/releases/assets/466110983"
provenance = "github-attestations"

[tools."github:gastownhall/beads"."platforms.macos-arm64"]
checksum = "sha256:c42e24d83b258f7ba9f52a6d2d5f6b055869dfe7807165055988b12e7ea8c564"
url = "https://github.com/gastownhall/beads/releases/download/v1.1.0/beads_1.1.0_darwin_arm64.tar.gz"
url_api = "https://api.github.com/repos/gastownhall/beads/releases/assets/466113119"
provenance = "github-attestations"

[tools."github:gastownhall/beads"."platforms.macos-x64"]
checksum = "sha256:5d7d30fdadcf012b7e0c1933a62cdfaef106e2561509b904e50a6733621cf8da"
url = "https://github.com/gastownhall/beads/releases/download/v1.1.0/beads_1.1.0_darwin_amd64.tar.gz"
url_api = "https://api.github.com/repos/gastownhall/beads/releases/assets/466113178"
provenance = "github-attestations"

[tools."github:gastownhall/beads"."platforms.macos-x64-baseline"]
checksum = "sha256:5d7d30fdadcf012b7e0c1933a62cdfaef106e2561509b904e50a6733621cf8da"
url = "https://github.com/gastownhall/beads/releases/download/v1.1.0/beads_1.1.0_darwin_amd64.tar.gz"
url_api = "https://api.github.com/repos/gastownhall/beads/releases/assets/466113178"
provenance = "github-attestations"

[tools."github:gastownhall/beads"."platforms.windows-x64"]
checksum = "sha256:12b1d37344d3b1543301e21a2b9ed3ab6ae009f0418441f3de5f762b40769a6b"
url = "https://github.com/gastownhall/beads/releases/download/v1.1.0/beads_1.1.0_windows_amd64.zip"
url_api = "https://api.github.com/repos/gastownhall/beads/releases/assets/466110961"
provenance = "github-attestations"

[tools."github:gastownhall/beads"."platforms.windows-x64-baseline"]
checksum = "sha256:12b1d37344d3b1543301e21a2b9ed3ab6ae009f0418441f3de5f762b40769a6b"
url = "https://github.com/gastownhall/beads/releases/download/v1.1.0/beads_1.1.0_windows_amd64.zip"
url_api = "https://api.github.com/repos/gastownhall/beads/releases/assets/466110961"
provenance = "github-attestations"
